// !$*UTF8*$!
{
	archiveVersion = 1;
	classes = {
	};
	objectVersion = 50;
	objects = {

/* Begin PBXBuildFile section */
		2BC93D082480F91B00CD53DC /* AppDelegate.swift in Sources */ = {isa = PBXBuildFile; fileRef = 2BC93D072480F91B00CD53DC /* AppDelegate.swift */; };
		2BC93D0A2480F91B00CD53DC /* SceneDelegate.swift in Sources */ = {isa = PBXBuildFile; fileRef = 2BC93D092480F91B00CD53DC /* SceneDelegate.swift */; };
		2BC93D0C2480F91B00CD53DC /* ViewController.swift in Sources */ = {isa = PBXBuildFile; fileRef = 2BC93D0B2480F91B00CD53DC /* ViewController.swift */; };
		2BC93D0F2480F91B00CD53DC /* Main.storyboard in Resources */ = {isa = PBXBuildFile; fileRef = 2BC93D0D2480F91B00CD53DC /* Main.storyboard */; };
		2BC93D112480F91D00CD53DC /* Assets.xcassets in Resources */ = {isa = PBXBuildFile; fileRef = 2BC93D102480F91D00CD53DC /* Assets.xcassets */; };
		2BC93D142480F91D00CD53DC /* LaunchScreen.storyboard in Resources */ = {isa = PBXBuildFile; fileRef = 2BC93D122480F91D00CD53DC /* LaunchScreen.storyboard */; };
/* End PBXBuildFile section */

/* Begin PBXFileReference section */
		2BC93D042480F91B00CD53DC /* PersonalPageApp.app */ = {isa = PBXFileReference; explicitFileType = wrapper.application; includeInIndex = 0; path = PersonalPageApp.app; sourceTree = BUILT_PRODUCTS_DIR; };
		2BC93D072480F91B00CD53DC /* AppDelegate.swift */ = {isa = PBXFileReference; lastKnownFileType = sourcecode.swift; path = AppDelegate.swift; sourceTree = "<group>"; };
		2BC93D092480F91B00CD53DC /* SceneDelegate.swift */ = {isa = PBXFileReference; lastKnownFileType = sourcecode.swift; path = SceneDelegate.swift; sourceTree = "<group>"; };
		2BC93D0B2480F91B00CD53DC /* ViewController.swift */ = {isa = PBXFileReference; lastKnownFileType = sourcecode.swift; path = ViewController.swift; sourceTree = "<group>"; };
		2BC93D0E2480F91B00CD53DC /* Base */ = {isa = PBXFileReference; lastKnownFileType = file.storyboard; name = Base; path = Base.lproj/Main.storyboard; sourceTree = "<group>"; };
		2BC93D102480F91D00CD53DC /* Assets.xcassets */ = {isa = PBXFileReference; lastKnownFileType = folder.assetcatalog; path = Assets.xcassets; sourceTree = "<group>"; };
		2BC93D132480F91D00CD53DC /* Base */ = {isa = PBXFileReference; lastKnownFileType = file.storyboard; name = Base; path = Base.lproj/LaunchScreen.storyboard; sourceTree = "<group>"; };
		2BC93D152480F91D00CD53DC /* Info.plist */ = {isa = PBXFileReference; lastKnownFileType = text.plist.xml; path = Info.plist; sourceTree = "<group>"; };
/* End PBXFileReference section */

/* Begin PBXFrameworksBuildPhase section */
		2BC93D012480F91B00CD53DC /* Frameworks */ = {
			isa = PBXFrameworksBuildPhase;
			buildActionMask = 2147483647;
			files = (
			);
			runOnlyForDeploymentPostprocessing = 0;
		};
/* End PBXFrameworksBuildPhase section */

/* Begin PBXGroup section */
		2BC93CFB2480F91B00CD53DC = {
			isa = PBXGroup;
			children = (
				2BC93D062480F91B00CD53DC /* PersonalPageApp */,
				2BC93D052480F91B00CD53DC /* Products */,
			);
			sourceTree = "<group>";
		};
		2BC93D052480F91B00CD53DC /* Products */ = {
			isa = PBXGroup;
			children = (
				2BC93D042480F91B00CD53DC /* PersonalPageApp.app */,
			);
			name = Products;
			sourceTree = "<group>";
		};
		2BC93D062480F91B00CD53DC /* PersonalPageApp */ = {
			isa = PBXGroup;
			children = (
				2BC93D072480F91B00CD53DC /* AppDelegate.swift */,
				2BC93D092480F91B00CD53DC /* SceneDelegate.swift */,
				2BC93D0B2480F91B00CD53DC /* ViewController.swift */,
				2BC93D0D2480F91B00CD53DC /* Main.storyboard */,
				2BC93D102480F91D00CD53DC /* Assets.xcassets */,
				2BC93D122480F91D00CD53DC /* LaunchScreen.storyboard */,
				2BC93D152480F91D00CD53DC /* Info.plist */,
			);
			path = PersonalPageApp;
			sourceTree = "<group>";
		};
/* End PBXGroup section */

/* Begin PBXNativeTarget section */
		2BC93D032480F91B00CD53DC /* PersonalPageApp */ = {
			isa = PBXNativeTarget;
			buildConfigurationList = 2BC93D182480F91D00CD53DC /* Build configuration list for PBXNativeTarget "PersonalPageApp" */;
			buildPhases = (
				2BC93D002480F91B00CD53DC /* Sources */,
				2BC93D012480F91B00CD53DC /* Frameworks */,
				2BC93D022480F91B00CD53DC /* Resources */,
			);
			buildRules = (
			);
			dependencies = (
			);
			name = PersonalPageApp;
			productName = PersonalPageApp;
			productReference = 2BC93D042480F91B00CD53DC /* PersonalPageApp.app */;
			productType = "com.apple.product-type.application";
		};
/* End PBXNativeTarget section */

/* Begin PBXProject section */
		2BC93CFC2480F91B00CD53DC /* Project object */ = {
			isa = PBXProject;
			attributes = {
				LastSwiftUpdateCheck = 1150;
				LastUpgradeCheck = 1150;
				ORGANIZATIONNAME = "Pavel Parshin";
				TargetAttributes = {
					2BC93D032480F91B00CD53DC = {
						CreatedOnToolsVersion = 11.5;
					};
				};
			};
			buildConfigurationList = 2BC93CFF2480F91B00CD53DC /* Build configuration list for PBXProject "PersonalPageApp" */;
			compatibilityVersion = "Xcode 9.3";
			developmentRegion = en;
			hasScannedForEncodings = 0;
			knownRegions = (
				en,
				Base,
			);
			mainGroup = 2BC93CFB2480F91B00CD53DC;
			productRefGroup = 2BC93D052480F91B00CD53DC /* Products */;
			projectDirPath = "";
			projectRoot = "";
			targets = (
				2BC93D032480F91B00CD53DC /* PersonalPageApp */,
			);
		};
/* End PBXProject section */

/* Begin PBXResourcesBuildPhase section */
		2BC93D022480F91B00CD53DC /* Resources */ = {
			isa = PBXResourcesBuildPhase;
			buildActionMask = 2147483647;
			files = (
				2BC93D142480F91D00CD53DC /* LaunchScreen.storyboard in Resources */,
				2BC93D112480F91D00CD53DC /* Assets.xcassets in Resources */,
				2BC93D0F2480F91B00CD53DC /* Main.storyboard in Resources */,
			);
			runOnlyForDeploymentPostprocessing = 0;
		};
/* End PBXResourcesBuildPhase section */

/* Begin PBXSourcesBuildPhase section */
		2BC93D002480F91B00CD53DC /* Sources */ = {
			isa = PBXSourcesBuildPhase;
			buildActionMask = 2147483647;
			files = (
				2BC93D0C2480F91B00CD53DC /* ViewController.swift in Sources */,
				2BC93D082480F91B00CD53DC /* AppDelegate.swift in Sources */,
				2BC93D0A2480F91B00CD53DC /* SceneDelegate.swift in Sources */,
			);
			runOnlyForDeploymentPostprocessing = 0;
		};
/* End PBXSourcesBuildPhase section */

/* Begin PBXVariantGroup section */
		2BC93D0D2480F91B00CD53DC /* Main.storyboard */ = {
			isa = PBXVariantGroup;
			children = (
				2BC93D0E2480F91B00CD53DC /* Base */,
			);
			name = Main.storyboard;
			sourceTree = "<group>";
		};
		2BC93D122480F91D00CD53DC /* LaunchScreen.storyboard */ = {
			isa = PBXVariantGroup;
			children = (
				2BC93D132480F91D00CD53DC /* Base */,
			);
			name = LaunchScreen.storyboard;
			sourceTree = "<group>";
		};
/* End PBXVariantGroup section */

/* Begin XCBuildConfiguration section */
		2BC93D162480F91D00CD53DC /* Debug */ = {
			isa = XCBuildConfiguration;
			buildSettings = {
				ALWAYS_SEARCH_USER_PATHS = NO;
				CLANG_ANALYZER_NONNULL = YES;
				CLANG_ANALYZER_NUMBER_OBJECT_CONVERSION = YES_AGGRESSIVE;
				CLANG_CXX_LANGUAGE_STANDARD = "gnu++14";
				CLANG_CXX_LIBRARY = "libc++";
				CLANG_ENABLE_MODULES = YES;
				CLANG_ENABLE_OBJC_ARC = YES;
				CLANG_ENABLE_OBJC_WEAK = YES;
				CLANG_WARN_BLOCK_CAPTURE_AUTORELEASING = YES;
				CLANG_WARN_BOOL_CONVERSION = YES;
				CLANG_WARN_COMMA = YES;
				CLANG_WARN_CONSTANT_CONVERSION = YES;
				CLANG_WARN_DEPRECATED_OBJC_IMPLEMENTATIONS = YES;
				CLANG_WARN_DIRECT_OBJC_ISA_USAGE = YES_ERROR;
				CLANG_WARN_DOCUMENTATION_COMMENTS = YES;
				CLANG_WARN_EMPTY_BODY = YES;
				CLANG_WARN_ENUM_CONVERSION = YES;
				CLANG_WARN_INFINITE_RECURSION = YES;
				CLANG_WARN_INT_CONVERSION = YES;
				CLANG_WARN_NON_LITERAL_NULL_CONVERSION = YES;
				CLANG_WARN_OBJC_IMPLICIT_RETAIN_SELF = YES;
				CLANG_WARN_OBJC_LITERAL_CONVERSION = YES;
				CLANG_WARN_OBJC_ROOT_CLASS = YES_ERROR;
				CLANG_WARN_RANGE_LOOP_ANALYSIS = YES;
				CLANG_WARN_STRICT_PROTOTYPES = YES;
				CLANG_WARN_SUSPICIOUS_MOVE = YES;
				CLANG_WARN_UNGUARDED_AVAILABILITY = YES_AGGRESSIVE;
				CLANG_WARN_UNREACHABLE_CODE = YES;
				CLANG_WARN__DUPLICATE_METHOD_MATCH = YES;
				COPY_PHASE_STRIP = NO;
				DEBUG_INFORMATION_FORMAT = dwarf;
				ENABLE_STRICT_OBJC_MSGSEND = YES;
				ENABLE_TESTABILITY = YES;
				GCC_C_LANGUAGE_STANDARD = gnu11;
				GCC_DYNAMIC_NO_PIC = NO;
				GCC_NO_COMMON_BLOCKS = YES;
				GCC_OPTIMIZATION_LEVEL = 0;
				GCC_PREPROCESSOR_DEFINITIONS = (
					"DEBUG=1",
					"$(inherited)",
				);
				GCC_WARN_64_TO_32_BIT_CONVERSION = YES;
				GCC_WARN_ABOUT_RETURN_TYPE = YES_ERROR;
				GCC_WARN_UNDECLARED_SELECTOR = YES;
				GCC_WARN_UNINITIALIZED_AUTOS = YES_AGGRESSIVE;
				GCC_WARN_UNUSED_FUNCTION = YES;
				GCC_WARN_UNUSED_VARIABLE = YES;
				IPHONEOS_DEPLOYMENT_TARGET = 13.5;
				MTL_ENABLE_DEBUG_INFO = INCLUDE_SOURCE;
				MTL_FAST_MATH = YES;
				ONLY_ACTIVE_ARCH = YES;
				SDKROOT = iphoneos;
				SWIFT_ACTIVE_COMPILATION_CONDITIONS = DEBUG;
				SWIFT_OPTIMIZATION_LEVEL = "-Onone";
			};
			name = Debug;
		};
		2BC93D172480F91D00CD53DC /* Release */ = {
			isa = XCBuildConfiguration;
			buildSettings = {
				ALWAYS_SEARCH_USER_PATHS = NO;
				CLANG_ANALYZER_NONNULL = YES;
				CLANG_ANALYZER_NUMBER_OBJECT_CONVERSION = YES_AGGRESSIVE;
				CLANG_CXX_LANGUAGE_STANDARD = "gnu++14";
				CLANG_CXX_LIBRARY = "libc++";
				CLANG_ENABLE_MODULES = YES;
				CLANG_ENABLE_OBJC_ARC = YES;
				CLANG_ENABLE_OBJC_WEAK = YES;
				CLANG_WARN_BLOCK_CAPTURE_AUTORELEASING = YES;
				CLANG_WARN_BOOL_CONVERSION = YES;
				CLANG_WARN_COMMA = YES;
				CLANG_WARN_CONSTANT_CONVERSION = YES;
				CLANG_WARN_DEPRECATED_OBJC_IMPLEMENTATIONS = YES;
				CLANG_WARN_DIRECT_OBJC_ISA_USAGE = YES_ERROR;
				CLANG_WARN_DOCUMENTATION_COMMENTS = YES;
				CLANG_WARN_EMPTY_BODY = YES;
				CLANG_WARN_ENUM_CONVERSION = YES;
				CLANG_WARN_INFINITE_RECURSION = YES;
				CLANG_WARN_INT_CONVERSION = YES;
				CLANG_WARN_NON_LITERAL_NULL_CONVERSION = YES;
				CLANG_WARN_OBJC_IMPLICIT_RETAIN_SELF = YES;
				CLANG_WARN_OBJC_LITERAL_CONVERSION = YES;
				CLANG_WARN_OBJC_ROOT_CLASS = YES_ERROR;
				CLANG_WARN_RANGE_LOOP_ANALYSIS = YES;
				CLANG_WARN_STRICT_PROTOTYPES = YES;
				CLANG_WARN_SUSPICIOUS_MOVE = YES;
				CLANG_WARN_UNGUARDED_AVAILABILITY = YES_AGGRESSIVE;
				CLANG_WARN_UNREACHABLE_CODE = YES;
				CLANG_WARN__DUPLICATE_METHOD_MATCH = YES;
				COPY_PHASE_STRIP = NO;
				DEBUG_INFORMATION_FORMAT = "dwarf-with-dsym";
				ENABLE_NS_ASSERTIONS = NO;
				ENABLE_STRICT_OBJC_MSGSEND = YES;
				GCC_C_LANGUAGE_STANDARD = gnu11;
				GCC_NO_COMMON_BLOCKS = YES;
				GCC_WARN_64_TO_32_BIT_CONVERSION = YES;
				GCC_WARN_ABOUT_RETURN_TYPE = YES_ERROR;
				GCC_WARN_UNDECLARED_SELECTOR = YES;
				GCC_WARN_UNINITIALIZED_AUTOS = YES_AGGRESSIVE;
				GCC_WARN_UNUSED_FUNCTION = YES;
				GCC_WARN_UNUSED_VARIABLE = YES;
				IPHONEOS_DEPLOYMENT_TARGET = 13.5;
				MTL_ENABLE_DEBUG_INFO = NO;
				MTL_FAST_MATH = YES;
				SDKROOT = iphoneos;
				SWIFT_COMPILATION_MODE = wholemodule;
				SWIFT_OPTIMIZATION_LEVEL = "-O";
				VALIDATE_PRODUCT = YES;
			};
			name = Release;
		};
		2BC93D192480F91D00CD53DC /* Debug */ = {
			isa = XCBuildConfiguration;
			buildSettings = {
				ASSETCATALOG_COMPILER_APPICON_NAME = AppIcon;
				CODE_SIGN_STYLE = Automatic;
				DEVELOPMENT_TEAM = 2ZXQUQVQEL;
				INFOPLIST_FILE = PersonalPageApp/Info.plist;
				LD_RUNPATH_SEARCH_PATHS = (
					"$(inherited)",
					"@executable_path/Frameworks",
				);
				PRODUCT_BUNDLE_IDENTIFIER = ru.pavelparshin.PersonalPageApp;
				PRODUCT_NAME = "$(TARGET_NAME)";
				SWIFT_VERSION = 5.0;
				TARGETED_DEVICE_FAMILY = "1,2";
			};
			name = Debug;
		};
		2BC93D1A2480F91D00CD53DC /* Release */ = {
			isa = XCBuildConfiguration;
			buildSettings = {
				ASSETCATALOG_COMPILER_APPICON_NAME = AppIcon;
				CODE_SIGN_STYLE = Automatic;
				DEVELOPMENT_TEAM = 2ZXQUQVQEL;
				INFOPLIST_FILE = PersonalPageApp/Info.plist;
				LD_RUNPATH_SEARCH_PATHS = (
					"$(inherited)",
					"@executable_path/Frameworks",
				);
				PRODUCT_BUNDLE_IDENTIFIER = ru.pavelparshin.PersonalPageApp;
				PRODUCT_NAME = "$(TARGET_NAME)";
				SWIFT_VERSION = 5.0;
				TARGETED_DEVICE_FAMILY = "1,2";
			};
			name = Release;
		};
/* End XCBuildConfiguration section */

/* Begin XCConfigurationList section */
		2BC93CFF2480F91B00CD53DC /* Build configuration list for PBXProject "PersonalPageApp" */ = {
			isa = XCConfigurationList;
			buildConfigurations = (
				2BC93D162480F91D00CD53DC /* Debug */,
				2BC93D172480F91D00CD53DC /* Release */,
			);
			defaultConfigurationIsVisible = 0;
			defaultConfigurationName = Release;
		};
		2BC93D182480F91D00CD53DC /* Build configuration list for PBXNativeTarget "PersonalPageApp" */ = {
			isa = XCConfigurationList;
			buildConfigurations = (
				2BC93D192480F91D00CD53DC /* Debug */,
				2BC93D1A2480F91D00CD53DC /* Release */,
			);
			defaultConfigurationIsVisible = 0;
			defaultConfigurationName = Release;
		};
/* End XCConfigurationList section */
	};
	rootObject = 2BC93CFC2480F91B00CD53DC /* Project object */;
}
